
Microsoft Visual Studio Solution File, Format Version 12.00
# Visual Studio Version 16
VisualStudioVersion = 16.0.28803.352
MinimumVisualStudioVersion = 10.0.40219.1
Project("{FAE04EC0-301F-11D3-BF4B-00C04F79EFBC}") = "GITVJEZBALOTO", "GITVJEZBALOTO\GITVJEZBALOTO.csproj", "{3B26108C-DCEA-47BE-9EA5-D5A8707D5664}"
EndProject
Global
	GlobalSection(SolutionConfigurationPlatforms) = preSolution
		Debug|Any CPU = Debug|Any CPU
		Release|Any CPU = Release|Any CPU
	EndGlobalSection
	GlobalSection(ProjectConfigurationPlatforms) = postSolution
		{3B26108C-DCEA-47BE-9EA5-D5A8707D5664}.Debug|Any CPU.ActiveCfg = Debug|Any CPU
		{3B26108C-DCEA-47BE-9EA5-D5A8707D5664}.Debug|Any CPU.Build.0 = Debug|Any CPU
		{3B26108C-DCEA-47BE-9EA5-D5A8707D5664}.Release|Any CPU.ActiveCfg = Release|Any CPU
		{3B26108C-DCEA-47BE-9EA5-D5A8707D5664}.Release|Any CPU.Build.0 = Release|Any CPU
	EndGlobalSection
	GlobalSection(SolutionProperties) = preSolution
		HideSolutionNode = FALSE
	EndGlobalSection
	GlobalSection(ExtensibilityGlobals) = postSolution
		SolutionGuid = {97B189EF-B44D-4371-9C26-36D446C9FC2F}
	EndGlobalSection
EndGlobal
